<Solution>
  <Configurations>
    <Platform Name="x64" />
    <Platform Name="x86" />
  </Configurations>
  <Project Path="karelui-cpp/karelui-cpp.vcxproj" Id="4628d3aa-7060-4f22-a339-b6a5e465c755" />
  <Project Path="gasm/gasm.csproj" />
  <Project Path="gcr/gcr.vcxproj" Id="2565acae-7ac6-44e4-befb-b0092e9b1c80" />
  <Project Path="karel-cpp/karel-cpp.vcxproj" Id="a10e23ec-247c-9b82-a261-b5b08c26bf9d" />
  <Project Path="karelvm/karelvm.vcxproj" Id="4482b33b-695a-49cc-bf77-65c496eafe99" />
</Solution>
