<?xml version="1.0" encoding="utf-8"?>
<Project ToolsVersion="4.0" xmlns="http://schemas.microsoft.com/developer/msbuild/2003">
  <ItemGroup>
    <ClCompile Include="gcr.cpp" />
    <ClCompile Include="malloc.c" />
    <ClCompile Include="Program.cpp" />
  </ItemGroup>
  <ItemGroup>
    <ClInclude Include="gcr.h" />
    <ClInclude Include="malloc.h" />
    <ClInclude Include="malloc_config.h" />
    <ClInclude Include="opcodes.h" />
  </ItemGroup>
  <ItemGroup>
    <None Include="colors.h" />
  </ItemGroup>
</Project>